
Microsoft Visual Studio Solution File, Format Version 12.00
# Visual Studio Version 17
VisualStudioVersion = 17.7.34003.232
MinimumVisualStudioVersion = 10.0.40219.1
Project("{8BC9CEB8-8B4A-11D0-8D11-00A0C91BC942}") = "SPN-Encryption&Decryption", "SPN-Encryption&Decryption\SPN-Encryption&Decryption.vcxproj", "{67E9E1A6-D553-4FB9-925E-F13A62946593}"
EndProject
Global
	GlobalSection(SolutionConfigurationPlatforms) = preSolution
		Debug|x64 = Debug|x64
		Debug|x86 = Debug|x86
		Release|x64 = Release|x64
		Release|x86 = Release|x86
	EndGlobalSection
	GlobalSection(ProjectConfigurationPlatforms) = postSolution
		{67E9E1A6-D553-4FB9-925E-F13A62946593}.Debug|x64.ActiveCfg = Debug|x64
		{67E9E1A6-D553-4FB9-925E-F13A62946593}.Debug|x64.Build.0 = Debug|x64
		{67E9E1A6-D553-4FB9-925E-F13A62946593}.Debug|x86.ActiveCfg = Debug|Win32
		{67E9E1A6-D553-4FB9-925E-F13A62946593}.Debug|x86.Build.0 = Debug|Win32
		{67E9E1A6-D553-4FB9-925E-F13A62946593}.Release|x64.ActiveCfg = Release|x64
		{67E9E1A6-D553-4FB9-925E-F13A62946593}.Release|x64.Build.0 = Release|x64
		{67E9E1A6-D553-4FB9-925E-F13A62946593}.Release|x86.ActiveCfg = Release|Win32
		{67E9E1A6-D553-4FB9-925E-F13A62946593}.Release|x86.Build.0 = Release|Win32
	EndGlobalSection
	GlobalSection(SolutionProperties) = preSolution
		HideSolutionNode = FALSE
	EndGlobalSection
	GlobalSection(ExtensibilityGlobals) = postSolution
		SolutionGuid = {4819EBAA-3079-4300-80BE-0AA6114A8AE7}
	EndGlobalSection
EndGlobal
